
Microsoft Visual Studio Solution File, Format Version 12.00
# Visual Studio Version 17
VisualStudioVersion = 17.14.37111.16
MinimumVisualStudioVersion = 10.0.40219.1
Project("{8BC9CEB8-8B4A-11D0-8D11-00A0C91BC942}") = "1_Demo", "BAI1_Demo\DSLK.vcxproj", "{9B5649BF-E988-4405-A27E-87F767A7E526}"
EndProject
Project("{8BC9CEB8-8B4A-11D0-8D11-00A0C91BC942}") = "BAI2_PhanSo", "BAI2_PhanSo\BAI2_PhanSo.vcxproj", "{94DF510F-4CCB-42A4-978F-66A6E3E92F1C}"
EndProject
Project("{8BC9CEB8-8B4A-11D0-8D11-00A0C91BC942}") = "Bai3_SapXepDanhSach", "BAI3_SapXepDanhSach\Bai3.vcxproj", "{15A4CA74-B2A0-4919-B73F-C193EB5A3E4E}"
EndProject
Project("{8BC9CEB8-8B4A-11D0-8D11-00A0C91BC942}") = "Bai4_BaiHat", "Bai4_BaiHat\Bai4_BaiHat.vcxproj", "{63FC3A74-1BAB-4EFE-8F00-8ADD3381954C}"
EndProject
Project("{8BC9CEB8-8B4A-11D0-8D11-00A0C91BC942}") = "Bai5_SinhVien", "06.SinhVien\06.SinhVien.vcxproj", "{2FCC3D3E-9CAC-45A5-BB65-9C6BDCBCC5A8}"
EndProject
Global
	GlobalSection(SolutionConfigurationPlatforms) = preSolution
		Debug|x64 = Debug|x64
		Debug|x86 = Debug|x86
		Release|x64 = Release|x64
		Release|x86 = Release|x86
	EndGlobalSection
	GlobalSection(ProjectConfigurationPlatforms) = postSolution
		{9B5649BF-E988-4405-A27E-87F767A7E526}.Debug|x64.ActiveCfg = Debug|x64
		{9B5649BF-E988-4405-A27E-87F767A7E526}.Debug|x64.Build.0 = Debug|x64
		{9B5649BF-E988-4405-A27E-87F767A7E526}.Debug|x86.ActiveCfg = Debug|Win32
		{9B5649BF-E988-4405-A27E-87F767A7E526}.Debug|x86.Build.0 = Debug|Win32
		{9B5649BF-E988-4405-A27E-87F767A7E526}.Release|x64.ActiveCfg = Release|x64
		{9B5649BF-E988-4405-A27E-87F767A7E526}.Release|x64.Build.0 = Release|x64
		{9B5649BF-E988-4405-A27E-87F767A7E526}.Release|x86.ActiveCfg = Release|Win32
		{9B5649BF-E988-4405-A27E-87F767A7E526}.Release|x86.Build.0 = Release|Win32
		{94DF510F-4CCB-42A4-978F-66A6E3E92F1C}.Debug|x64.ActiveCfg = Debug|x64
		{94DF510F-4CCB-42A4-978F-66A6E3E92F1C}.Debug|x64.Build.0 = Debug|x64
		{94DF510F-4CCB-42A4-978F-66A6E3E92F1C}.Debug|x86.ActiveCfg = Debug|Win32
		{94DF510F-4CCB-42A4-978F-66A6E3E92F1C}.Debug|x86.Build.0 = Debug|Win32
		{94DF510F-4CCB-42A4-978F-66A6E3E92F1C}.Release|x64.ActiveCfg = Release|x64
		{94DF510F-4CCB-42A4-978F-66A6E3E92F1C}.Release|x64.Build.0 = Release|x64
		{94DF510F-4CCB-42A4-978F-66A6E3E92F1C}.Release|x86.ActiveCfg = Release|Win32
		{94DF510F-4CCB-42A4-978F-66A6E3E92F1C}.Release|x86.Build.0 = Release|Win32
		{15A4CA74-B2A0-4919-B73F-C193EB5A3E4E}.Debug|x64.ActiveCfg = Debug|x64
		{15A4CA74-B2A0-4919-B73F-C193EB5A3E4E}.Debug|x64.Build.0 = Debug|x64
		{15A4CA74-B2A0-4919-B73F-C193EB5A3E4E}.Debug|x86.ActiveCfg = Debug|Win32
		{15A4CA74-B2A0-4919-B73F-C193EB5A3E4E}.Debug|x86.Build.0 = Debug|Win32
		{15A4CA74-B2A0-4919-B73F-C193EB5A3E4E}.Release|x64.ActiveCfg = Release|x64
		{15A4CA74-B2A0-4919-B73F-C193EB5A3E4E}.Release|x64.Build.0 = Release|x64
		{15A4CA74-B2A0-4919-B73F-C193EB5A3E4E}.Release|x86.ActiveCfg = Release|Win32
		{15A4CA74-B2A0-4919-B73F-C193EB5A3E4E}.Release|x86.Build.0 = Release|Win32
		{63FC3A74-1BAB-4EFE-8F00-8ADD3381954C}.Debug|x64.ActiveCfg = Debug|x64
		{63FC3A74-1BAB-4EFE-8F00-8ADD3381954C}.Debug|x64.Build.0 = Debug|x64
		{63FC3A74-1BAB-4EFE-8F00-8ADD3381954C}.Debug|x86.ActiveCfg = Debug|Win32
		{63FC3A74-1BAB-4EFE-8F00-8ADD3381954C}.Debug|x86.Build.0 = Debug|Win32
		{63FC3A74-1BAB-4EFE-8F00-8ADD3381954C}.Release|x64.ActiveCfg = Release|x64
		{63FC3A74-1BAB-4EFE-8F00-8ADD3381954C}.Release|x64.Build.0 = Release|x64
		{63FC3A74-1BAB-4EFE-8F00-8ADD3381954C}.Release|x86.ActiveCfg = Release|Win32
		{63FC3A74-1BAB-4EFE-8F00-8ADD3381954C}.Release|x86.Build.0 = Release|Win32
		{2FCC3D3E-9CAC-45A5-BB65-9C6BDCBCC5A8}.Debug|x64.ActiveCfg = Debug|x64
		{2FCC3D3E-9CAC-45A5-BB65-9C6BDCBCC5A8}.Debug|x64.Build.0 = Debug|x64
		{2FCC3D3E-9CAC-45A5-BB65-9C6BDCBCC5A8}.Debug|x86.ActiveCfg = Debug|Win32
		{2FCC3D3E-9CAC-45A5-BB65-9C6BDCBCC5A8}.Debug|x86.Build.0 = Debug|Win32
		{2FCC3D3E-9CAC-45A5-BB65-9C6BDCBCC5A8}.Release|x64.ActiveCfg = Release|x64
		{2FCC3D3E-9CAC-45A5-BB65-9C6BDCBCC5A8}.Release|x64.Build.0 = Release|x64
		{2FCC3D3E-9CAC-45A5-BB65-9C6BDCBCC5A8}.Release|x86.ActiveCfg = Release|Win32
		{2FCC3D3E-9CAC-45A5-BB65-9C6BDCBCC5A8}.Release|x86.Build.0 = Release|Win32
	EndGlobalSection
	GlobalSection(SolutionProperties) = preSolution
		HideSolutionNode = FALSE
	EndGlobalSection
	GlobalSection(ExtensibilityGlobals) = postSolution
		SolutionGuid = {55A35CC7-CB1D-4D78-965F-596C69EAB1CF}
	EndGlobalSection
EndGlobal
